
Microsoft Visual Studio Solution File, Format Version 12.00
# Visual Studio 15
VisualStudioVersion = 15.0.28010.2026
MinimumVisualStudioVersion = 10.0.40219.1
Project("{FAE04EC0-301F-11D3-BF4B-00C04F79EFBC}") = "HelloWorld", "HelloWorld\HelloWorld.csproj", "{BFE9479E-0F42-4A70-9FED-3B4FD1AB3595}"
EndProject
Global
	GlobalSection(SolutionConfigurationPlatforms) = preSolution
		Debug|Any CPU = Debug|Any CPU
		Release|Any CPU = Release|Any CPU
	EndGlobalSection
	GlobalSection(ProjectConfigurationPlatforms) = postSolution
		{BFE9479E-0F42-4A70-9FED-3B4FD1AB3595}.Debug|Any CPU.ActiveCfg = Debug|Any CPU
		{BFE9479E-0F42-4A70-9FED-3B4FD1AB3595}.Debug|Any CPU.Build.0 = Debug|Any CPU
		{BFE9479E-0F42-4A70-9FED-3B4FD1AB3595}.Release|Any CPU.ActiveCfg = Release|Any CPU
		{BFE9479E-0F42-4A70-9FED-3B4FD1AB3595}.Release|Any CPU.Build.0 = Release|Any CPU
	EndGlobalSection
	GlobalSection(SolutionProperties) = preSolution
		HideSolutionNode = FALSE
	EndGlobalSection
	GlobalSection(ExtensibilityGlobals) = postSolution
		SolutionGuid = {DDEF01B2-41E8-4038-8F92-D786E0F569C0}
	EndGlobalSection
EndGlobal
